
Microsoft Visual Studio Solution File, Format Version 11.00
# Visual Studio 2010
Project("{8BC9CEB8-8B4A-11D0-8D11-00A0C91BC942}") = "gfhn", "gfhn\gfhn.vcxproj", "{46C756B5-A55B-4D7D-BCF9-A27E719501FB}"
EndProject
Global
	GlobalSection(SolutionConfigurationPlatforms) = preSolution
		Debug|Win32 = Debug|Win32
		Release|Win32 = Release|Win32
	EndGlobalSection
	GlobalSection(ProjectConfigurationPlatforms) = postSolution
		{46C756B5-A55B-4D7D-BCF9-A27E719501FB}.Debug|Win32.ActiveCfg = Debug|Win32
		{46C756B5-A55B-4D7D-BCF9-A27E719501FB}.Debug|Win32.Build.0 = Debug|Win32
		{46C756B5-A55B-4D7D-BCF9-A27E719501FB}.Release|Win32.ActiveCfg = Release|Win32
		{46C756B5-A55B-4D7D-BCF9-A27E719501FB}.Release|Win32.Build.0 = Release|Win32
	EndGlobalSection
	GlobalSection(SolutionProperties) = preSolution
		HideSolutionNode = FALSE
	EndGlobalSection
EndGlobal
